
Microsoft Visual Studio Solution File, Format Version 12.00
# Visual Studio Version 16
VisualStudioVersion = 16.0.31112.23
MinimumVisualStudioVersion = 10.0.40219.1
Project("{8BC9CEB8-8B4A-11D0-8D11-00A0C91BC942}") = "CEL", "CEL.vcxproj", "{785DF023-B6E3-4FF0-98F3-D39E1873DFD1}"
EndProject
Global
	GlobalSection(SolutionConfigurationPlatforms) = preSolution
		Debug|x64 = Debug|x64
		Debug|x86 = Debug|x86
		Release|x64 = Release|x64
		Release|x86 = Release|x86
	EndGlobalSection
	GlobalSection(ProjectConfigurationPlatforms) = postSolution
		{785DF023-B6E3-4FF0-98F3-D39E1873DFD1}.Debug|x64.ActiveCfg = Debug|x64
		{785DF023-B6E3-4FF0-98F3-D39E1873DFD1}.Debug|x64.Build.0 = Debug|x64
		{785DF023-B6E3-4FF0-98F3-D39E1873DFD1}.Debug|x86.ActiveCfg = Debug|Win32
		{785DF023-B6E3-4FF0-98F3-D39E1873DFD1}.Debug|x86.Build.0 = Debug|Win32
		{785DF023-B6E3-4FF0-98F3-D39E1873DFD1}.Release|x64.ActiveCfg = Release|x64
		{785DF023-B6E3-4FF0-98F3-D39E1873DFD1}.Release|x64.Build.0 = Release|x64
		{785DF023-B6E3-4FF0-98F3-D39E1873DFD1}.Release|x86.ActiveCfg = Release|Win32
		{785DF023-B6E3-4FF0-98F3-D39E1873DFD1}.Release|x86.Build.0 = Release|Win32
	EndGlobalSection
	GlobalSection(SolutionProperties) = preSolution
		HideSolutionNode = FALSE
	EndGlobalSection
	GlobalSection(ExtensibilityGlobals) = postSolution
		SolutionGuid = {971ACF9B-726A-432A-9FF7-804BA5542036}
	EndGlobalSection
EndGlobal
